<?xml version="1.0" encoding="utf-8"?>
<Project ToolsVersion="4.0" xmlns="http://schemas.microsoft.com/developer/msbuild/2003">
  <ItemGroup>
    <ClInclude Include="ColorWheel.h">
      <Filter>Header Files</Filter>
    </ClInclude>
    <ClInclude Include="studiosoftercontrols_global.h">
      <Filter>Generated Files</Filter>
    </ClInclude>
  </ItemGroup>
  <ItemGroup>
    <Filter Include="Header Files">
      <UniqueIdentifier>{782cf2c6-0d40-4c2e-8440-eeec1f382120}</UniqueIdentifier>
    </Filter>
    <Filter Include="Source Files">
      <UniqueIdentifier>{9b254c27-16b4-48b5-a447-6029d250084a}</UniqueIdentifier>
    </Filter>
    <Filter Include="Generated Files">
      <UniqueIdentifier>{71ED8ED8-ACB9-4CE9-BBE1-E00B30144E11}</UniqueIdentifier>
      <Extensions>moc;h;cpp</Extensions>
      <ParseFiles>true</ParseFiles>
    </Filter>
  </ItemGroup>
  <ItemGroup>
    <ClCompile Include="ColorWheel.cpp">
      <Filter>Source Files</Filter>
    </ClCompile>
  </ItemGroup>
</Project>